
Microsoft Visual Studio Solution File, Format Version 12.00
# Visual Studio 2013
VisualStudioVersion = 12.0.31101.0
MinimumVisualStudioVersion = 10.0.40219.1
Project("{FAE04EC0-301F-11D3-BF4B-00C04F79EFBC}") = "TesteDesempenho", "TesteDesempenho\TesteDesempenho.csproj", "{68020148-8DB7-47F7-BF76-CEE1DDAE7E89}"
EndProject
Project("{FAE04EC0-301F-11D3-BF4B-00C04F79EFBC}") = "ConexaoBd", "ConexaoBd\ConexaoBd.csproj", "{35B2ACEC-18EB-4DC7-8CD4-745BDB952D44}"
EndProject
Project("{FAE04EC0-301F-11D3-BF4B-00C04F79EFBC}") = "EfContexto", "EfContexto\EfContexto.csproj", "{075ED1B4-2F0F-4DC9-B9B2-2877B20DFF52}"
EndProject
Global
	GlobalSection(SolutionConfigurationPlatforms) = preSolution
		Debug|Any CPU = Debug|Any CPU
		Release|Any CPU = Release|Any CPU
	EndGlobalSection
	GlobalSection(ProjectConfigurationPlatforms) = postSolution
		{68020148-8DB7-47F7-BF76-CEE1DDAE7E89}.Debug|Any CPU.ActiveCfg = Debug|Any CPU
		{68020148-8DB7-47F7-BF76-CEE1DDAE7E89}.Debug|Any CPU.Build.0 = Debug|Any CPU
		{68020148-8DB7-47F7-BF76-CEE1DDAE7E89}.Release|Any CPU.ActiveCfg = Release|Any CPU
		{68020148-8DB7-47F7-BF76-CEE1DDAE7E89}.Release|Any CPU.Build.0 = Release|Any CPU
		{35B2ACEC-18EB-4DC7-8CD4-745BDB952D44}.Debug|Any CPU.ActiveCfg = Debug|Any CPU
		{35B2ACEC-18EB-4DC7-8CD4-745BDB952D44}.Debug|Any CPU.Build.0 = Debug|Any CPU
		{35B2ACEC-18EB-4DC7-8CD4-745BDB952D44}.Release|Any CPU.ActiveCfg = Release|Any CPU
		{35B2ACEC-18EB-4DC7-8CD4-745BDB952D44}.Release|Any CPU.Build.0 = Release|Any CPU
		{075ED1B4-2F0F-4DC9-B9B2-2877B20DFF52}.Debug|Any CPU.ActiveCfg = Debug|Any CPU
		{075ED1B4-2F0F-4DC9-B9B2-2877B20DFF52}.Debug|Any CPU.Build.0 = Debug|Any CPU
		{075ED1B4-2F0F-4DC9-B9B2-2877B20DFF52}.Release|Any CPU.ActiveCfg = Release|Any CPU
		{075ED1B4-2F0F-4DC9-B9B2-2877B20DFF52}.Release|Any CPU.Build.0 = Release|Any CPU
	EndGlobalSection
	GlobalSection(SolutionProperties) = preSolution
		HideSolutionNode = FALSE
	EndGlobalSection
EndGlobal
